
Microsoft Visual Studio Solution File, Format Version 12.00
# Visual Studio Version 16
VisualStudioVersion = 16.0.31313.79
MinimumVisualStudioVersion = 10.0.40219.1
Project("{2150E333-8FDC-42A3-9474-1A3956D46DE8}") = "solution", "solution", "{30212CBA-9B8A-4FAB-A110-13F000F7F1EF}"
EndProject
Project("{2150E333-8FDC-42A3-9474-1A3956D46DE8}") = "src", "src", "{438282C7-4182-4379-B946-87719EB7F247}"
EndProject
Project("{2150E333-8FDC-42A3-9474-1A3956D46DE8}") = "tests", "tests", "{848A53AB-DA3E-49BA-ACED-4A464A5A0515}"
EndProject
Project("{2150E333-8FDC-42A3-9474-1A3956D46DE8}") = "Product", "Product", "{D300458E-D629-4C93-8E87-94B53A464E3D}"
EndProject
Project("{2150E333-8FDC-42A3-9474-1A3956D46DE8}") = "User", "User", "{26350C67-FE99-4369-9211-5A2C73F8F3AC}"
EndProject
Project("{2150E333-8FDC-42A3-9474-1A3956D46DE8}") = "Controllers", "Controllers", "{6AEE05C6-956D-4688-B668-7EB5140C3361}"
EndProject
Project("{2150E333-8FDC-42A3-9474-1A3956D46DE8}") = "Services", "Services", "{D73399C7-23D4-4178-A521-AA817E43BA93}"
EndProject
Project("{2150E333-8FDC-42A3-9474-1A3956D46DE8}") = "Controllers", "Controllers", "{26E1F8E7-9B24-426C-B5E6-B092262303E0}"
EndProject
Project("{2150E333-8FDC-42A3-9474-1A3956D46DE8}") = "Services", "Services", "{9F779AA0-2ACD-4E38-927D-8B60A46F17E2}"
EndProject
Project("{9A19103F-16F7-4668-BE54-9A1E7A4F7556}") = "FieldMgt.API", "src\solution\FieldMgt.API\FieldMgt.API.csproj", "{169EB004-AA30-4AAF-8FA2-0E97A316983F}"
EndProject
Project("{9A19103F-16F7-4668-BE54-9A1E7A4F7556}") = "FieldMgt.Core", "src\solution\FieldMgt.Core\FieldMgt.Core.csproj", "{A4A04632-07D1-4BF1-BE71-637750BCF3FC}"
EndProject
Project("{9A19103F-16F7-4668-BE54-9A1E7A4F7556}") = "FieldMgt.Repository", "src\solution\FieldMgt.Repository\FieldMgt.Repository.csproj", "{23029174-2A62-435A-A80F-D6E7634CA087}"
EndProject
<<<<<<< Updated upstream
=======
Project("{9A19103F-16F7-4668-BE54-9A1E7A4F7556}") = "FieldMgtTest", "FieldMgtTest\FieldMgtTest.csproj", "{32A6C51F-1A7D-4E6A-AF75-31D334018363}"
EndProject
>>>>>>> Stashed changes
Project("{FAE04EC0-301F-11D3-BF4B-00C04F79EFBC}") = "FieldMgtTest", "FieldMgtTest\FieldMgtTest.csproj", "{32A6C51F-1A7D-4E6A-AF75-31D334018363}"
EndProject
Global
	GlobalSection(SolutionConfigurationPlatforms) = preSolution
		Debug|Any CPU = Debug|Any CPU
		Release|Any CPU = Release|Any CPU
	EndGlobalSection
	GlobalSection(ProjectConfigurationPlatforms) = postSolution
<<<<<<< HEAD
		{D236704A-8C06-4168-A04F-97EE2A3E8D5F}.Debug|Any CPU.ActiveCfg = Debug|Any CPU
		{D236704A-8C06-4168-A04F-97EE2A3E8D5F}.Debug|Any CPU.Build.0 = Debug|Any CPU
		{D236704A-8C06-4168-A04F-97EE2A3E8D5F}.Release|Any CPU.ActiveCfg = Release|Any CPU
		{D236704A-8C06-4168-A04F-97EE2A3E8D5F}.Release|Any CPU.Build.0 = Release|Any CPU
		{C457060A-D3D8-4A1B-A1DC-35805CE08C05}.Debug|Any CPU.ActiveCfg = Debug|Any CPU
		{C457060A-D3D8-4A1B-A1DC-35805CE08C05}.Debug|Any CPU.Build.0 = Debug|Any CPU
		{C457060A-D3D8-4A1B-A1DC-35805CE08C05}.Release|Any CPU.ActiveCfg = Release|Any CPU
		{C457060A-D3D8-4A1B-A1DC-35805CE08C05}.Release|Any CPU.Build.0 = Release|Any CPU
		{AB3BBB10-23D2-4E4B-93CC-420DD8EDDC9B}.Debug|Any CPU.ActiveCfg = Debug|Any CPU
		{AB3BBB10-23D2-4E4B-93CC-420DD8EDDC9B}.Debug|Any CPU.Build.0 = Debug|Any CPU
		{AB3BBB10-23D2-4E4B-93CC-420DD8EDDC9B}.Release|Any CPU.ActiveCfg = Release|Any CPU
		{AB3BBB10-23D2-4E4B-93CC-420DD8EDDC9B}.Release|Any CPU.Build.0 = Release|Any CPU
		{32A6C51F-1A7D-4E6A-AF75-31D334018363}.Debug|Any CPU.ActiveCfg = Debug|Any CPU
		{32A6C51F-1A7D-4E6A-AF75-31D334018363}.Debug|Any CPU.Build.0 = Debug|Any CPU
		{32A6C51F-1A7D-4E6A-AF75-31D334018363}.Release|Any CPU.ActiveCfg = Release|Any CPU
		{32A6C51F-1A7D-4E6A-AF75-31D334018363}.Release|Any CPU.Build.0 = Release|Any CPU
=======
		{169EB004-AA30-4AAF-8FA2-0E97A316983F}.Debug|Any CPU.ActiveCfg = Debug|Any CPU
		{169EB004-AA30-4AAF-8FA2-0E97A316983F}.Debug|Any CPU.Build.0 = Debug|Any CPU
		{169EB004-AA30-4AAF-8FA2-0E97A316983F}.Release|Any CPU.ActiveCfg = Release|Any CPU
		{169EB004-AA30-4AAF-8FA2-0E97A316983F}.Release|Any CPU.Build.0 = Release|Any CPU
		{A4A04632-07D1-4BF1-BE71-637750BCF3FC}.Debug|Any CPU.ActiveCfg = Debug|Any CPU
		{A4A04632-07D1-4BF1-BE71-637750BCF3FC}.Debug|Any CPU.Build.0 = Debug|Any CPU
		{A4A04632-07D1-4BF1-BE71-637750BCF3FC}.Release|Any CPU.ActiveCfg = Release|Any CPU
		{A4A04632-07D1-4BF1-BE71-637750BCF3FC}.Release|Any CPU.Build.0 = Release|Any CPU
		{23029174-2A62-435A-A80F-D6E7634CA087}.Debug|Any CPU.ActiveCfg = Debug|Any CPU
		{23029174-2A62-435A-A80F-D6E7634CA087}.Debug|Any CPU.Build.0 = Debug|Any CPU
		{23029174-2A62-435A-A80F-D6E7634CA087}.Release|Any CPU.ActiveCfg = Release|Any CPU
		{23029174-2A62-435A-A80F-D6E7634CA087}.Release|Any CPU.Build.0 = Release|Any CPU
<<<<<<< Updated upstream
=======
		{32A6C51F-1A7D-4E6A-AF75-31D334018363}.Debug|Any CPU.ActiveCfg = Debug|Any CPU
		{32A6C51F-1A7D-4E6A-AF75-31D334018363}.Debug|Any CPU.Build.0 = Debug|Any CPU
		{32A6C51F-1A7D-4E6A-AF75-31D334018363}.Release|Any CPU.ActiveCfg = Release|Any CPU
		{32A6C51F-1A7D-4E6A-AF75-31D334018363}.Release|Any CPU.Build.0 = Release|Any CPU
>>>>>>> Stashed changes
>>>>>>> master
	EndGlobalSection
	GlobalSection(SolutionProperties) = preSolution
		HideSolutionNode = FALSE
	EndGlobalSection
	GlobalSection(NestedProjects) = preSolution
		{30212CBA-9B8A-4FAB-A110-13F000F7F1EF} = {438282C7-4182-4379-B946-87719EB7F247}
		{848A53AB-DA3E-49BA-ACED-4A464A5A0515} = {438282C7-4182-4379-B946-87719EB7F247}
		{D300458E-D629-4C93-8E87-94B53A464E3D} = {848A53AB-DA3E-49BA-ACED-4A464A5A0515}
		{26350C67-FE99-4369-9211-5A2C73F8F3AC} = {848A53AB-DA3E-49BA-ACED-4A464A5A0515}
		{6AEE05C6-956D-4688-B668-7EB5140C3361} = {D300458E-D629-4C93-8E87-94B53A464E3D}
		{D73399C7-23D4-4178-A521-AA817E43BA93} = {D300458E-D629-4C93-8E87-94B53A464E3D}
		{26E1F8E7-9B24-426C-B5E6-B092262303E0} = {26350C67-FE99-4369-9211-5A2C73F8F3AC}
		{9F779AA0-2ACD-4E38-927D-8B60A46F17E2} = {26350C67-FE99-4369-9211-5A2C73F8F3AC}
		{169EB004-AA30-4AAF-8FA2-0E97A316983F} = {30212CBA-9B8A-4FAB-A110-13F000F7F1EF}
		{A4A04632-07D1-4BF1-BE71-637750BCF3FC} = {30212CBA-9B8A-4FAB-A110-13F000F7F1EF}
		{23029174-2A62-435A-A80F-D6E7634CA087} = {30212CBA-9B8A-4FAB-A110-13F000F7F1EF}
		{32A6C51F-1A7D-4E6A-AF75-31D334018363} = {848A53AB-DA3E-49BA-ACED-4A464A5A0515}
	EndGlobalSection
	GlobalSection(ExtensibilityGlobals) = postSolution
		SolutionGuid = {02868F94-C344-473B-96BA-F883FFD297D8}
	EndGlobalSection
EndGlobal
